
Microsoft Visual Studio Solution File, Format Version 12.00
# Visual Studio Version 16
VisualStudioVersion = 16.0.30804.86
MinimumVisualStudioVersion = 10.0.40219.1
Project("{FAE04EC0-301F-11D3-BF4B-00C04F79EFBC}") = "TodoApi", "TodoApi\TodoApi.csproj", "{CED12441-444B-4CCF-99C8-A09A5EE5CD0D}"
EndProject
Global
	GlobalSection(SolutionConfigurationPlatforms) = preSolution
		Debug|Any CPU = Debug|Any CPU
		Release|Any CPU = Release|Any CPU
	EndGlobalSection
	GlobalSection(ProjectConfigurationPlatforms) = postSolution
		{CED12441-444B-4CCF-99C8-A09A5EE5CD0D}.Debug|Any CPU.ActiveCfg = Debug|Any CPU
		{CED12441-444B-4CCF-99C8-A09A5EE5CD0D}.Debug|Any CPU.Build.0 = Debug|Any CPU
		{CED12441-444B-4CCF-99C8-A09A5EE5CD0D}.Release|Any CPU.ActiveCfg = Release|Any CPU
		{CED12441-444B-4CCF-99C8-A09A5EE5CD0D}.Release|Any CPU.Build.0 = Release|Any CPU
	EndGlobalSection
	GlobalSection(SolutionProperties) = preSolution
		HideSolutionNode = FALSE
	EndGlobalSection
	GlobalSection(ExtensibilityGlobals) = postSolution
		SolutionGuid = {972B20DB-DF98-4F4A-AAE7-6C82968264C5}
	EndGlobalSection
EndGlobal
